
Microsoft Visual Studio Solution File, Format Version 12.00
# Visual Studio 15
VisualStudioVersion = 15.0.27004.2006
MinimumVisualStudioVersion = 10.0.40219.1
Project("{9A19103F-16F7-4668-BE54-9A1E7A4F7556}") = "MRBooker", "MRBooker\MRBooker.csproj", "{82BD193A-7F37-4D30-A4AD-5CC036A7D83B}"
EndProject
Project("{9A19103F-16F7-4668-BE54-9A1E7A4F7556}") = "MRBooker.Data", "MRBooker.Data\MRBooker.Data.csproj", "{815D094F-9346-4770-BFBD-5F53C9BA4B5E}"
EndProject
Project("{FAE04EC0-301F-11D3-BF4B-00C04F79EFBC}") = "MRBooker.Tests", "MRBooker.Tests\MRBooker.Tests.csproj", "{7C22A70F-A4CE-4D0C-B010-28C6707DB4DF}"
EndProject
Global
	GlobalSection(SolutionConfigurationPlatforms) = preSolution
		Debug|Any CPU = Debug|Any CPU
		Release|Any CPU = Release|Any CPU
	EndGlobalSection
	GlobalSection(ProjectConfigurationPlatforms) = postSolution
		{82BD193A-7F37-4D30-A4AD-5CC036A7D83B}.Debug|Any CPU.ActiveCfg = Debug|Any CPU
		{82BD193A-7F37-4D30-A4AD-5CC036A7D83B}.Debug|Any CPU.Build.0 = Debug|Any CPU
		{82BD193A-7F37-4D30-A4AD-5CC036A7D83B}.Release|Any CPU.ActiveCfg = Release|Any CPU
		{82BD193A-7F37-4D30-A4AD-5CC036A7D83B}.Release|Any CPU.Build.0 = Release|Any CPU
		{815D094F-9346-4770-BFBD-5F53C9BA4B5E}.Debug|Any CPU.ActiveCfg = Debug|Any CPU
		{815D094F-9346-4770-BFBD-5F53C9BA4B5E}.Debug|Any CPU.Build.0 = Debug|Any CPU
		{815D094F-9346-4770-BFBD-5F53C9BA4B5E}.Release|Any CPU.ActiveCfg = Release|Any CPU
		{815D094F-9346-4770-BFBD-5F53C9BA4B5E}.Release|Any CPU.Build.0 = Release|Any CPU
		{7C22A70F-A4CE-4D0C-B010-28C6707DB4DF}.Debug|Any CPU.ActiveCfg = Debug|Any CPU
		{7C22A70F-A4CE-4D0C-B010-28C6707DB4DF}.Debug|Any CPU.Build.0 = Debug|Any CPU
		{7C22A70F-A4CE-4D0C-B010-28C6707DB4DF}.Release|Any CPU.ActiveCfg = Release|Any CPU
		{7C22A70F-A4CE-4D0C-B010-28C6707DB4DF}.Release|Any CPU.Build.0 = Release|Any CPU
	EndGlobalSection
	GlobalSection(SolutionProperties) = preSolution
		HideSolutionNode = FALSE
	EndGlobalSection
	GlobalSection(ExtensibilityGlobals) = postSolution
		SolutionGuid = {DEBA50FC-BFAD-4CA0-B912-E675D382F149}
	EndGlobalSection
EndGlobal
